
Microsoft Visual Studio Solution File, Format Version 12.00
# Visual Studio Version 16
VisualStudioVersion = 16.0.31702.278
MinimumVisualStudioVersion = 10.0.40219.1
Project("{FAE04EC0-301F-11D3-BF4B-00C04F79EFBC}") = "LCode", "LCode\LCode.csproj", "{B0544D67-76BA-484E-B579-FAB76C0EFBD3}"
EndProject
Global
	GlobalSection(SolutionConfigurationPlatforms) = preSolution
		Debug|Any CPU = Debug|Any CPU
		Release|Any CPU = Release|Any CPU
	EndGlobalSection
	GlobalSection(ProjectConfigurationPlatforms) = postSolution
		{B0544D67-76BA-484E-B579-FAB76C0EFBD3}.Debug|Any CPU.ActiveCfg = Debug|Any CPU
		{B0544D67-76BA-484E-B579-FAB76C0EFBD3}.Debug|Any CPU.Build.0 = Debug|Any CPU
		{B0544D67-76BA-484E-B579-FAB76C0EFBD3}.Release|Any CPU.ActiveCfg = Release|Any CPU
		{B0544D67-76BA-484E-B579-FAB76C0EFBD3}.Release|Any CPU.Build.0 = Release|Any CPU
	EndGlobalSection
	GlobalSection(SolutionProperties) = preSolution
		HideSolutionNode = FALSE
	EndGlobalSection
	GlobalSection(ExtensibilityGlobals) = postSolution
		SolutionGuid = {05A35008-6296-4C4F-BE36-40245F1825B1}
	EndGlobalSection
EndGlobal
